
Microsoft Visual Studio Solution File, Format Version 12.00
# Visual Studio Version 17
VisualStudioVersion = 17.14.36511.14
MinimumVisualStudioVersion = 10.0.40219.1
Project("{FAE04EC0-301F-11D3-BF4B-00C04F79EFBC}") = "PIA_MAD_CalculodeNominas", "PIA_MAD_CalculodeNominas\PIA_MAD_CalculodeNominas.csproj", "{DD881B12-305A-45E8-A708-35C0C1ACFB4D}"
EndProject
Global
	GlobalSection(SolutionConfigurationPlatforms) = preSolution
		Debug|Any CPU = Debug|Any CPU
		Release|Any CPU = Release|Any CPU
	EndGlobalSection
	GlobalSection(ProjectConfigurationPlatforms) = postSolution
		{DD881B12-305A-45E8-A708-35C0C1ACFB4D}.Debug|Any CPU.ActiveCfg = Debug|Any CPU
		{DD881B12-305A-45E8-A708-35C0C1ACFB4D}.Debug|Any CPU.Build.0 = Debug|Any CPU
		{DD881B12-305A-45E8-A708-35C0C1ACFB4D}.Release|Any CPU.ActiveCfg = Release|Any CPU
		{DD881B12-305A-45E8-A708-35C0C1ACFB4D}.Release|Any CPU.Build.0 = Release|Any CPU
	EndGlobalSection
	GlobalSection(SolutionProperties) = preSolution
		HideSolutionNode = FALSE
	EndGlobalSection
	GlobalSection(ExtensibilityGlobals) = postSolution
		SolutionGuid = {A962A50D-A4C4-4538-BBC2-BA95C7CE44D6}
	EndGlobalSection
EndGlobal
